<?xml version="1.0" encoding="utf-8"?>
<Project ToolsVersion="4.0" xmlns="http://schemas.microsoft.com/developer/msbuild/2003">
  <ItemGroup>
    <Filter Include="Source Files">
      <UniqueIdentifier>{4FC737F1-C7A5-4376-A066-2A32D752A2FF}</UniqueIdentifier>
      <Extensions>cpp;c;cc;cxx;def;odl;idl;hpj;bat;asm;asmx</Extensions>
    </Filter>
    <Filter Include="Header Files">
      <UniqueIdentifier>{93995380-89BD-4b04-88EB-625FBE52EBFB}</UniqueIdentifier>
      <Extensions>h;hh;hpp;hxx;hm;inl;inc;xsd</Extensions>
    </Filter>
    <Filter Include="Resource Files">
      <UniqueIdentifier>{67DA6AB6-F800-4c08-8B7A-83BB121AAD01}</UniqueIdentifier>
      <Extensions>rc;ico;cur;bmp;dlg;rc2;rct;bin;rgs;gif;jpg;jpeg;jpe;resx;tiff;tif;png;wav;mfcribbon-ms</Extensions>
    </Filter>
  </ItemGroup>
  <ItemGroup>
    <ClCompile Include="Sprite.cpp">
      <Filter>Source Files</Filter>
    </ClCompile>
    <ClCompile Include="Scene.cpp">
      <Filter>Source Files</Filter>
    </ClCompile>
    <ClCompile Include="Sound.cpp">
      <Filter>Source Files</Filter>
    </ClCompile>
    <ClCompile Include="Entity.cpp">
      <Filter>Source Files</Filter>
    </ClCompile>
    <ClCompile Include="Engine.cpp">
      <Filter>Source Files</Filter>
    </ClCompile>
    <ClCompile Include="Text.cpp">
      <Filter>Source Files</Filter>
    </ClCompile>
    <ClCompile Include="Star Hornet.cpp">
      <Filter>Source Files</Filter>
    </ClCompile>
    <ClCompile Include="Camera.cpp">
      <Filter>Source Files</Filter>
    </ClCompile>
    <ClCompile Include="SceneManager.cpp">
      <Filter>Source Files</Filter>
    </ClCompile>
    <ClCompile Include="Resources.cpp">
      <Filter>Source Files</Filter>
    </ClCompile>
  </ItemGroup>
  <ItemGroup>
    <ClInclude Include="Sprite.h">
      <Filter>Header Files</Filter>
    </ClInclude>
    <ClInclude Include="Scene.h">
      <Filter>Header Files</Filter>
    </ClInclude>
    <ClInclude Include="Sound.h">
      <Filter>Header Files</Filter>
    </ClInclude>
    <ClInclude Include="Entity.h">
      <Filter>Header Files</Filter>
    </ClInclude>
    <ClInclude Include="Text.h">
      <Filter>Header Files</Filter>
    </ClInclude>
    <ClInclude Include="Camera.h">
      <Filter>Header Files</Filter>
    </ClInclude>
    <ClInclude Include="SceneManager.h">
      <Filter>Header Files</Filter>
    </ClInclude>
    <ClInclude Include="Engine.h">
      <Filter>Header Files</Filter>
    </ClInclude>
    <ClInclude Include="Star Hornet.h">
      <Filter>Header Files</Filter>
    </ClInclude>
    <ClInclude Include="Resources.h">
      <Filter>Header Files</Filter>
    </ClInclude>
  </ItemGroup>
  <ItemGroup>
    <Image Include="..\Resources\Sprites\cloudy_starfield_bg.jpg">
      <Filter>Resource Files</Filter>
    </Image>
    <Image Include="..\Resources\Sprites\explosion.png">
      <Filter>Resource Files</Filter>
    </Image>
    <Image Include="..\Resources\Sprites\hornet_body.gif">
      <Filter>Resource Files</Filter>
    </Image>
    <Image Include="..\Resources\Sprites\hornet_body_large.gif">
      <Filter>Resource Files</Filter>
    </Image>
    <Image Include="..\Resources\Sprites\hornet_body_small.gif">
      <Filter>Resource Files</Filter>
    </Image>
    <Image Include="..\Resources\Sprites\hornet_body_spritesheet.gif">
      <Filter>Resource Files</Filter>
    </Image>
    <Image Include="..\Resources\Sprites\hornet_thrust_spritesheet.gif">
      <Filter>Resource Files</Filter>
    </Image>
    <Image Include="..\Resources\Sprites\hornet_turret.gif">
      <Filter>Resource Files</Filter>
    </Image>
    <Image Include="..\Resources\Sprites\hornet_turret_small.gif">
      <Filter>Resource Files</Filter>
    </Image>
    <Image Include="..\Resources\Sprites\rocket.gif">
      <Filter>Resource Files</Filter>
    </Image>
    <Image Include="..\Resources\Sprites\rocket_spritesheet.gif">
      <Filter>Resource Files</Filter>
    </Image>
    <Image Include="..\Resources\Sprites\rocket_trail.gif">
      <Filter>Resource Files</Filter>
    </Image>
    <Image Include="..\Resources\Sprites\rocketLock.png">
      <Filter>Resource Files</Filter>
    </Image>
    <Image Include="..\Resources\Sprites\smoke.gif">
      <Filter>Resource Files</Filter>
    </Image>
    <Image Include="..\Resources\Sprites\SpaceHolder.gif">
      <Filter>Resource Files</Filter>
    </Image>
    <Image Include="..\Resources\Sprites\turret_bullet.gif">
      <Filter>Resource Files</Filter>
    </Image>
  </ItemGroup>
</Project>